
Microsoft Visual Studio Solution File, Format Version 12.00
# Visual Studio Version 17
VisualStudioVersion = 17.9.34728.123
MinimumVisualStudioVersion = 10.0.40219.1
Project("{9A19103F-16F7-4668-BE54-9A1E7A4F7556}") = "ReadilyAPI.Domain", "ReadilyAPI.Domain\ReadilyAPI.Domain.csproj", "{572EDEC7-054D-4EA0-BB94-952CD5B4E236}"
EndProject
Project("{9A19103F-16F7-4668-BE54-9A1E7A4F7556}") = "ReadilyAPI.DataAccess", "ReadilyAPI.DataAccess\ReadilyAPI.DataAccess.csproj", "{A87D4C59-9866-42B9-A7D2-CEF5EAE99BA2}"
	ProjectSection(ProjectDependencies) = postProject
		{572EDEC7-054D-4EA0-BB94-952CD5B4E236} = {572EDEC7-054D-4EA0-BB94-952CD5B4E236}
	EndProjectSection
EndProject
Project("{9A19103F-16F7-4668-BE54-9A1E7A4F7556}") = "ReadilyAPI.Tests", "ReadilyAPI.Tests\ReadilyAPI.Tests.csproj", "{BABA5FA8-BE22-4882-8CCC-357A5CDBD54C}"
EndProject
Global
	GlobalSection(SolutionConfigurationPlatforms) = preSolution
		Debug|Any CPU = Debug|Any CPU
		Release|Any CPU = Release|Any CPU
	EndGlobalSection
	GlobalSection(ProjectConfigurationPlatforms) = postSolution
		{572EDEC7-054D-4EA0-BB94-952CD5B4E236}.Debug|Any CPU.ActiveCfg = Debug|Any CPU
		{572EDEC7-054D-4EA0-BB94-952CD5B4E236}.Debug|Any CPU.Build.0 = Debug|Any CPU
		{572EDEC7-054D-4EA0-BB94-952CD5B4E236}.Release|Any CPU.ActiveCfg = Release|Any CPU
		{572EDEC7-054D-4EA0-BB94-952CD5B4E236}.Release|Any CPU.Build.0 = Release|Any CPU
		{A87D4C59-9866-42B9-A7D2-CEF5EAE99BA2}.Debug|Any CPU.ActiveCfg = Debug|Any CPU
		{A87D4C59-9866-42B9-A7D2-CEF5EAE99BA2}.Debug|Any CPU.Build.0 = Debug|Any CPU
		{A87D4C59-9866-42B9-A7D2-CEF5EAE99BA2}.Release|Any CPU.ActiveCfg = Release|Any CPU
		{A87D4C59-9866-42B9-A7D2-CEF5EAE99BA2}.Release|Any CPU.Build.0 = Release|Any CPU
		{BABA5FA8-BE22-4882-8CCC-357A5CDBD54C}.Debug|Any CPU.ActiveCfg = Debug|Any CPU
		{BABA5FA8-BE22-4882-8CCC-357A5CDBD54C}.Debug|Any CPU.Build.0 = Debug|Any CPU
		{BABA5FA8-BE22-4882-8CCC-357A5CDBD54C}.Release|Any CPU.ActiveCfg = Release|Any CPU
		{BABA5FA8-BE22-4882-8CCC-357A5CDBD54C}.Release|Any CPU.Build.0 = Release|Any CPU
	EndGlobalSection
	GlobalSection(SolutionProperties) = preSolution
		HideSolutionNode = FALSE
	EndGlobalSection
	GlobalSection(ExtensibilityGlobals) = postSolution
		SolutionGuid = {C31D9FF3-DB08-4C4F-96EF-DC3A4C1D0D6D}
	EndGlobalSection
EndGlobal
